# This file is autogenerated, do not edit; changes may be undone by the next 'dep ensure'.


[[projects]]
  branch = "master"
  name = "github.com/pkg/errors"
  packages = ["."]
  revision = "30136e27e2ac8d167177e8a583aa4c3fea5be833"

[[projects]]
  branch = "master"
  name = "golang.org/x/net"
  packages = ["context"]
  revision = "22ae77b79946ea320088417e4d50825671d82d57"

[[projects]]
  branch = "master"
  name = "golang.org/x/sync"
  packages = ["errgroup"]
  revision = "fd80eb99c8f653c847d294a001bdf2a3a6f768f5"

[[projects]]
  branch = "master"
  name = "golang.org/x/tools"
  packages = ["go/vcs"]
  revision = "73e16cff9e0d4a802937444bebb562458548241d"

[solve-meta]
  analyzer-name = "dep"
  analyzer-version = 1
  inputs-digest = "7778db8eaf375d24a0cb3773debc0d45e499e18b698db024a0a63f7d7aaf78bf"
  solver-name = "gps-cdcl"
  solver-version = 1
